
Microsoft Visual Studio Solution File, Format Version 12.00
# Visual Studio Version 17
VisualStudioVersion = 17.6.33829.357
MinimumVisualStudioVersion = 10.0.40219.1
Project("{FAE04EC0-301F-11D3-BF4B-00C04F79EFBC}") = "ForSql", "ForSql\ForSql.csproj", "{F973A474-1C62-4FA2-8A82-533EC020031A}"
EndProject
Global
	GlobalSection(SolutionConfigurationPlatforms) = preSolution
		Debug|Any CPU = Debug|Any CPU
		Release|Any CPU = Release|Any CPU
	EndGlobalSection
	GlobalSection(ProjectConfigurationPlatforms) = postSolution
		{F973A474-1C62-4FA2-8A82-533EC020031A}.Debug|Any CPU.ActiveCfg = Debug|Any CPU
		{F973A474-1C62-4FA2-8A82-533EC020031A}.Debug|Any CPU.Build.0 = Debug|Any CPU
		{F973A474-1C62-4FA2-8A82-533EC020031A}.Release|Any CPU.ActiveCfg = Release|Any CPU
		{F973A474-1C62-4FA2-8A82-533EC020031A}.Release|Any CPU.Build.0 = Release|Any CPU
	EndGlobalSection
	GlobalSection(SolutionProperties) = preSolution
		HideSolutionNode = FALSE
	EndGlobalSection
	GlobalSection(ExtensibilityGlobals) = postSolution
		SolutionGuid = {FC6E3F7E-5D5B-4B8C-A051-A3400EB19C29}
	EndGlobalSection
EndGlobal
